{
  "version": 4,
  "terraform_version": "1.0.1",
  "serial": 25,
  "lineage": "4d74a794-ee47-1707-00e8-cef078eb6633",
  "outputs": {},
  "resources": [
    {
      "mode": "managed",
      "type": "openstack_compute_keypair_v2",
      "name": "rfam_batch_search",
      "provider": "provider[\"registry.terraform.io/terraform-provider-openstack/openstack\"]",
      "instances": [
        {
          "schema_version": 0,
          "attributes": {
            "fingerprint": "77:b1:fc:0a:86:51:ea:40:e3:df:1c:e8:87:d5:35:c9",
            "id": "rfam_batch_search",
            "name": "rfam_batch_search",
            "private_key": "",
            "public_key": "ssh-rsa AAAAB3NzaC1yc2EAAAADAQABAAACAQCw1VKut7i8ixy9Ml7FwIMInETJw6Him7rskVCfLdOY4xSWD9siBtP+uAFBgOSAxQkici38N7661CsWKsPSCn6su1ZQ/zIDcXK2XIHB/OW74+NapRElmFzW9g/Gvr3E1KgR0XucU0znYEyry9xdq7nvPT1h4EWIXX5LSgcSxNiAGRHrkCBe2yUhJ5FzLSHoexKoq1NWpWBew18AQQAfeNRZMMn2nY8iDVnbKQiIWCSUKZnkPvuYFhHdlVlHOMStyG53Hh0DFJCjs4KfT2Mcrtc1ELx1GsvjC75Jb6VlY44P1ntRefFS/iN3hp5pPHazkqfr3Zc0YTV881JXi7vVmGwhqis9hXqRf8PkMmb/FvMwSkuiBfpTntHiQ1Dx/0PVDqJrSckb2tiOsxwCiQTEhv/azjIvkUxWX2FtCaxE5RLtwx6jUUNBIKMRH8t75lweiv+LCOKNSzxX2TV5iRfdWU1HXWkSKPSLxs8ewBEF36Kw1o0fBOZjHfLll9At2FVpcDP6151kT6swB1NJYTdm3KMBMdu7i4AHxa4/aowrmVBVJYfZ//w4dJzYXefb/8drSQ67fIrrivcuQrGTxBAOV7FRwJmPfA9y7ssUAWz6nuT8wGfwBZQ0eeqLtrFMijY53/rbMaaApZuqQxgs4dCmZnlNGAtiholry5JIm3yA9d0mCQ== cribas@XVK4379YRR\n",
            "region": "RegionOne",
            "value_specs": null
          },
          "sensitive_attributes": [],
          "private": "bnVsbA=="
        }
      ]
    },
    {
      "mode": "managed",
      "type": "openstack_compute_secgroup_v2",
      "name": "rfam_batch_search",
      "provider": "provider[\"registry.terraform.io/terraform-provider-openstack/openstack\"]",
      "instances": [
        {
          "schema_version": 0,
          "attributes": {
            "description": "Security group for the rfam_batch_search instance",
            "id": "c4ed49f9-9193-40af-9165-bbe1eb0d84c8",
            "name": "rfam_batch_search",
            "region": "RegionOne",
            "rule": [
              {
                "cidr": "0.0.0.0/0",
                "from_group_id": "",
                "from_port": -1,
                "id": "8d139b1a-5ea9-47e0-b7c7-0055760446c7",
                "ip_protocol": "icmp",
                "self": false,
                "to_port": -1
              },
              {
                "cidr": "0.0.0.0/0",
                "from_group_id": "",
                "from_port": 22,
                "id": "9870c7ad-9732-4c06-9013-243c6f63512e",
                "ip_protocol": "tcp",
                "self": false,
                "to_port": 22
              },
              {
                "cidr": "0.0.0.0/0",
                "from_group_id": "",
                "from_port": 8000,
                "id": "5c77829f-bf90-4485-bfd3-c9ad78e87831",
                "ip_protocol": "tcp",
                "self": false,
                "to_port": 8000
              }
            ],
            "timeouts": null
          },
          "sensitive_attributes": [],
          "private": "eyJlMmJmYjczMC1lY2FhLTExZTYtOGY4OC0zNDM2M2JjN2M0YzAiOnsiZGVsZXRlIjo2MDAwMDAwMDAwMDB9fQ=="
        }
      ]
    },
    {
      "mode": "managed",
      "type": "openstack_networking_network_v2",
      "name": "rfam_batch_search",
      "provider": "provider[\"registry.terraform.io/terraform-provider-openstack/openstack\"]",
      "instances": [
        {
          "schema_version": 0,
          "attributes": {
            "admin_state_up": true,
            "all_tags": [],
            "availability_zone_hints": [],
            "description": "",
            "dns_domain": "",
            "external": false,
            "id": "7b3961d6-e910-464c-976d-dff8eac724e4",
            "mtu": 8942,
            "name": "rfam_batch_search",
            "port_security_enabled": true,
            "qos_policy_id": "",
            "region": "RegionOne",
            "segments": [],
            "shared": false,
            "tags": [],
            "tenant_id": "224be250ac6a45a4a5fadb360981af4a",
            "timeouts": null,
            "transparent_vlan": false,
            "value_specs": null
          },
          "sensitive_attributes": [],
          "private": "eyJlMmJmYjczMC1lY2FhLTExZTYtOGY4OC0zNDM2M2JjN2M0YzAiOnsiY3JlYXRlIjo2MDAwMDAwMDAwMDAsImRlbGV0ZSI6NjAwMDAwMDAwMDAwfX0="
        }
      ]
    },
    {
      "mode": "managed",
      "type": "openstack_networking_router_interface_v2",
      "name": "rfam_batch_search",
      "provider": "provider[\"registry.terraform.io/terraform-provider-openstack/openstack\"]",
      "instances": [
        {
          "schema_version": 0,
          "attributes": {
            "id": "d1dab210-73cc-4436-ab7c-4e2b5831902b",
            "port_id": "d1dab210-73cc-4436-ab7c-4e2b5831902b",
            "region": "RegionOne",
            "router_id": "f4789f20-e60c-4ac7-8cdd-81a9630df11e",
            "subnet_id": "480ecee6-a495-4bf1-8e06-a6d891ae6aea",
            "timeouts": null
          },
          "sensitive_attributes": [],
          "private": "eyJlMmJmYjczMC1lY2FhLTExZTYtOGY4OC0zNDM2M2JjN2M0YzAiOnsiY3JlYXRlIjo2MDAwMDAwMDAwMDAsImRlbGV0ZSI6NjAwMDAwMDAwMDAwfX0=",
          "dependencies": [
            "openstack_networking_network_v2.rfam_batch_search",
            "openstack_networking_router_v2.rfam_batch_search",
            "openstack_networking_subnet_v2.rfam_batch_search"
          ]
        }
      ]
    },
    {
      "mode": "managed",
      "type": "openstack_networking_router_v2",
      "name": "rfam_batch_search",
      "provider": "provider[\"registry.terraform.io/terraform-provider-openstack/openstack\"]",
      "instances": [
        {
          "schema_version": 0,
          "attributes": {
            "admin_state_up": true,
            "all_tags": [],
            "availability_zone_hints": [],
            "description": "",
            "distributed": false,
            "enable_snat": true,
            "external_fixed_ip": [
              {
                "ip_address": "45.88.80.70",
                "subnet_id": "56d4feda-a1b4-4ecc-97a7-9c74da5a1db8"
              }
            ],
            "external_gateway": "9948edde-640b-482b-a6bc-ad1466000d86",
            "external_network_id": "9948edde-640b-482b-a6bc-ad1466000d86",
            "id": "f4789f20-e60c-4ac7-8cdd-81a9630df11e",
            "name": "rfam_batch_search",
            "region": "RegionOne",
            "tags": [],
            "tenant_id": "224be250ac6a45a4a5fadb360981af4a",
            "timeouts": null,
            "value_specs": null,
            "vendor_options": []
          },
          "sensitive_attributes": [],
          "private": "eyJlMmJmYjczMC1lY2FhLTExZTYtOGY4OC0zNDM2M2JjN2M0YzAiOnsiY3JlYXRlIjo2MDAwMDAwMDAwMDAsImRlbGV0ZSI6NjAwMDAwMDAwMDAwfX0="
        }
      ]
    },
    {
      "mode": "managed",
      "type": "openstack_networking_subnet_v2",
      "name": "rfam_batch_search",
      "provider": "provider[\"registry.terraform.io/terraform-provider-openstack/openstack\"]",
      "instances": [
        {
          "schema_version": 0,
          "attributes": {
            "all_tags": [],
            "allocation_pool": [
              {
                "end": "192.168.0.254",
                "start": "192.168.0.2"
              }
            ],
            "allocation_pools": [
              {
                "end": "192.168.0.254",
                "start": "192.168.0.2"
              }
            ],
            "cidr": "192.168.0.0/24",
            "description": "",
            "dns_nameservers": [
              "8.8.8.8"
            ],
            "enable_dhcp": true,
            "gateway_ip": "192.168.0.1",
            "host_routes": [],
            "id": "480ecee6-a495-4bf1-8e06-a6d891ae6aea",
            "ip_version": 4,
            "ipv6_address_mode": "",
            "ipv6_ra_mode": "",
            "name": "rfam_batch_search",
            "network_id": "7b3961d6-e910-464c-976d-dff8eac724e4",
            "no_gateway": false,
            "prefix_length": null,
            "region": "RegionOne",
            "subnetpool_id": "",
            "tags": [],
            "tenant_id": "224be250ac6a45a4a5fadb360981af4a",
            "timeouts": null,
            "value_specs": null
          },
          "sensitive_attributes": [],
          "private": "eyJlMmJmYjczMC1lY2FhLTExZTYtOGY4OC0zNDM2M2JjN2M0YzAiOnsiY3JlYXRlIjo2MDAwMDAwMDAwMDAsImRlbGV0ZSI6NjAwMDAwMDAwMDAwfX0=",
          "dependencies": [
            "openstack_networking_network_v2.rfam_batch_search"
          ]
        }
      ]
    }
  ]
}
